
Microsoft Visual Studio Solution File, Format Version 12.00
# Visual Studio Version 17
VisualStudioVersion = 17.4.33213.308
MinimumVisualStudioVersion = 10.0.40219.1
Project("{FAE04EC0-301F-11D3-BF4B-00C04F79EFBC}") = "Pin Throw", "Pin Throw\Pin Throw.csproj", "{0563C382-50C0-4D92-8674-C7FCF4A6A5B9}"
EndProject
Global
	GlobalSection(SolutionConfigurationPlatforms) = preSolution
		Debug|Any CPU = Debug|Any CPU
		Release|Any CPU = Release|Any CPU
	EndGlobalSection
	GlobalSection(ProjectConfigurationPlatforms) = postSolution
		{0563C382-50C0-4D92-8674-C7FCF4A6A5B9}.Debug|Any CPU.ActiveCfg = Debug|Any CPU
		{0563C382-50C0-4D92-8674-C7FCF4A6A5B9}.Debug|Any CPU.Build.0 = Debug|Any CPU
		{0563C382-50C0-4D92-8674-C7FCF4A6A5B9}.Release|Any CPU.ActiveCfg = Release|Any CPU
		{0563C382-50C0-4D92-8674-C7FCF4A6A5B9}.Release|Any CPU.Build.0 = Release|Any CPU
	EndGlobalSection
	GlobalSection(SolutionProperties) = preSolution
		HideSolutionNode = FALSE
	EndGlobalSection
	GlobalSection(ExtensibilityGlobals) = postSolution
		SolutionGuid = {9D5899A3-9BD6-4A14-B0B4-4E95925BA25B}
	EndGlobalSection
EndGlobal
